
Microsoft Visual Studio Solution File, Format Version 12.00
# Visual Studio Version 16
VisualStudioVersion = 16.0.31727.386
MinimumVisualStudioVersion = 10.0.40219.1
Project("{9A19103F-16F7-4668-BE54-9A1E7A4F7556}") = "L38TRN_HFT_2021221.Client", "L38TRN_HFT_2021221.Client\L38TRN_HFT_2021221.Client.csproj", "{7664CA3B-4C7C-45E8-8148-596A7541AF19}"
EndProject
Project("{9A19103F-16F7-4668-BE54-9A1E7A4F7556}") = "L38TRN_HFT_2021221.Models", "L38TRN_HFT_2021221.Models\L38TRN_HFT_2021221.Models.csproj", "{14A8A412-8811-46AC-9F48-F49944FA285B}"
EndProject
Project("{9A19103F-16F7-4668-BE54-9A1E7A4F7556}") = "L38TRN_HFT_2021221.Data", "L38TRN_HFT_2021221.Data\L38TRN_HFT_2021221.Data.csproj", "{A62EB2E2-1EED-405D-A068-A1592CD76FF3}"
EndProject
Project("{9A19103F-16F7-4668-BE54-9A1E7A4F7556}") = "L38TRN_HFT_2021221.Logic", "L38TRN_HFT_2021221.Logic\L38TRN_HFT_2021221.Logic.csproj", "{E8B7B9A2-5611-43E2-B41C-64B35DECDF64}"
EndProject
Project("{9A19103F-16F7-4668-BE54-9A1E7A4F7556}") = "L38TRN_HFT_2021221.Repository", "L38TRN_HFT_2021221.Repository\L38TRN_HFT_2021221.Repository.csproj", "{623EEC27-06F7-4787-B908-AD86B701F1B2}"
EndProject
Project("{9A19103F-16F7-4668-BE54-9A1E7A4F7556}") = "L38TRN_HFT_2021221.Test", "L38TRN_HFT_2021221.Test\L38TRN_HFT_2021221.Test.csproj", "{7F0FCAAA-C898-4B59-9A9F-0C9CF36E8029}"
EndProject
Project("{9A19103F-16F7-4668-BE54-9A1E7A4F7556}") = "L38TRN_HFT_2021221.Endpoint", "L38TRN_HFT_2021221.Endpoint\L38TRN_HFT_2021221.Endpoint.csproj", "{AFC98682-8CBB-4897-8405-4F831A8F87BE}"
EndProject
Project("{2150E333-8FDC-42A3-9474-1A3956D46DE8}") = "Backend", "Backend", "{C10F7715-244A-4F36-BE93-87DA927A91E7}"
EndProject
Project("{2150E333-8FDC-42A3-9474-1A3956D46DE8}") = "Frontend", "Frontend", "{53AB0629-3531-45A1-860B-79D68B8B0A11}"
EndProject
Project("{2150E333-8FDC-42A3-9474-1A3956D46DE8}") = "Shared", "Shared", "{3927F2D6-997A-4D73-AD0A-B1EFC5A5D246}"
EndProject
Project("{2150E333-8FDC-42A3-9474-1A3956D46DE8}") = "Others", "Others", "{878D7EA2-F5C7-4111-9F94-97A6C85CE4FE}"
	ProjectSection(SolutionItems) = preProject
		.gitignore = .gitignore
	EndProjectSection
EndProject
Global
	GlobalSection(SolutionConfigurationPlatforms) = preSolution
		Debug|Any CPU = Debug|Any CPU
		Release|Any CPU = Release|Any CPU
	EndGlobalSection
	GlobalSection(ProjectConfigurationPlatforms) = postSolution
		{7664CA3B-4C7C-45E8-8148-596A7541AF19}.Debug|Any CPU.ActiveCfg = Debug|Any CPU
		{7664CA3B-4C7C-45E8-8148-596A7541AF19}.Debug|Any CPU.Build.0 = Debug|Any CPU
		{7664CA3B-4C7C-45E8-8148-596A7541AF19}.Release|Any CPU.ActiveCfg = Release|Any CPU
		{7664CA3B-4C7C-45E8-8148-596A7541AF19}.Release|Any CPU.Build.0 = Release|Any CPU
		{14A8A412-8811-46AC-9F48-F49944FA285B}.Debug|Any CPU.ActiveCfg = Debug|Any CPU
		{14A8A412-8811-46AC-9F48-F49944FA285B}.Debug|Any CPU.Build.0 = Debug|Any CPU
		{14A8A412-8811-46AC-9F48-F49944FA285B}.Release|Any CPU.ActiveCfg = Release|Any CPU
		{14A8A412-8811-46AC-9F48-F49944FA285B}.Release|Any CPU.Build.0 = Release|Any CPU
		{A62EB2E2-1EED-405D-A068-A1592CD76FF3}.Debug|Any CPU.ActiveCfg = Debug|Any CPU
		{A62EB2E2-1EED-405D-A068-A1592CD76FF3}.Debug|Any CPU.Build.0 = Debug|Any CPU
		{A62EB2E2-1EED-405D-A068-A1592CD76FF3}.Release|Any CPU.ActiveCfg = Release|Any CPU
		{A62EB2E2-1EED-405D-A068-A1592CD76FF3}.Release|Any CPU.Build.0 = Release|Any CPU
		{E8B7B9A2-5611-43E2-B41C-64B35DECDF64}.Debug|Any CPU.ActiveCfg = Debug|Any CPU
		{E8B7B9A2-5611-43E2-B41C-64B35DECDF64}.Debug|Any CPU.Build.0 = Debug|Any CPU
		{E8B7B9A2-5611-43E2-B41C-64B35DECDF64}.Release|Any CPU.ActiveCfg = Release|Any CPU
		{E8B7B9A2-5611-43E2-B41C-64B35DECDF64}.Release|Any CPU.Build.0 = Release|Any CPU
		{623EEC27-06F7-4787-B908-AD86B701F1B2}.Debug|Any CPU.ActiveCfg = Debug|Any CPU
		{623EEC27-06F7-4787-B908-AD86B701F1B2}.Debug|Any CPU.Build.0 = Debug|Any CPU
		{623EEC27-06F7-4787-B908-AD86B701F1B2}.Release|Any CPU.ActiveCfg = Release|Any CPU
		{623EEC27-06F7-4787-B908-AD86B701F1B2}.Release|Any CPU.Build.0 = Release|Any CPU
		{7F0FCAAA-C898-4B59-9A9F-0C9CF36E8029}.Debug|Any CPU.ActiveCfg = Debug|Any CPU
		{7F0FCAAA-C898-4B59-9A9F-0C9CF36E8029}.Debug|Any CPU.Build.0 = Debug|Any CPU
		{7F0FCAAA-C898-4B59-9A9F-0C9CF36E8029}.Release|Any CPU.ActiveCfg = Release|Any CPU
		{7F0FCAAA-C898-4B59-9A9F-0C9CF36E8029}.Release|Any CPU.Build.0 = Release|Any CPU
		{AFC98682-8CBB-4897-8405-4F831A8F87BE}.Debug|Any CPU.ActiveCfg = Debug|Any CPU
		{AFC98682-8CBB-4897-8405-4F831A8F87BE}.Debug|Any CPU.Build.0 = Debug|Any CPU
		{AFC98682-8CBB-4897-8405-4F831A8F87BE}.Release|Any CPU.ActiveCfg = Release|Any CPU
		{AFC98682-8CBB-4897-8405-4F831A8F87BE}.Release|Any CPU.Build.0 = Release|Any CPU
	EndGlobalSection
	GlobalSection(SolutionProperties) = preSolution
		HideSolutionNode = FALSE
	EndGlobalSection
	GlobalSection(NestedProjects) = preSolution
		{7664CA3B-4C7C-45E8-8148-596A7541AF19} = {53AB0629-3531-45A1-860B-79D68B8B0A11}
		{14A8A412-8811-46AC-9F48-F49944FA285B} = {3927F2D6-997A-4D73-AD0A-B1EFC5A5D246}
		{A62EB2E2-1EED-405D-A068-A1592CD76FF3} = {C10F7715-244A-4F36-BE93-87DA927A91E7}
		{E8B7B9A2-5611-43E2-B41C-64B35DECDF64} = {C10F7715-244A-4F36-BE93-87DA927A91E7}
		{623EEC27-06F7-4787-B908-AD86B701F1B2} = {C10F7715-244A-4F36-BE93-87DA927A91E7}
		{7F0FCAAA-C898-4B59-9A9F-0C9CF36E8029} = {C10F7715-244A-4F36-BE93-87DA927A91E7}
		{AFC98682-8CBB-4897-8405-4F831A8F87BE} = {C10F7715-244A-4F36-BE93-87DA927A91E7}
	EndGlobalSection
	GlobalSection(ExtensibilityGlobals) = postSolution
		SolutionGuid = {20FD6525-31CE-422A-A70E-0C9D8BCE54AB}
	EndGlobalSection
EndGlobal
